{
  "version": 4,
  "terraform_version": "1.2.2",
  "serial": 244,
  "lineage": "ee44292f-3e5d-9031-e584-5ffbe22d6f48",
  "outputs": {
    "controller-private-ip": {
      "value": "10.0.1.10",
      "type": "string"
    },
    "controller-public-ip": {
      "value": "54.162.175.241",
      "type": "string"
    },
    "worker-1-private-ip": {
      "value": "10.0.1.230",
      "type": "string"
    },
    "worker-1-public-ip": {
      "value": "34.203.10.152",
      "type": "string"
    },
    "worker-2-private-ip": {
      "value": "10.0.1.23",
      "type": "string"
    },
    "worker-2-public-ip": {
      "value": "34.204.17.240",
      "type": "string"
    }
  },
  "resources": [
    {
      "mode": "managed",
      "type": "aws_instance",
      "name": "k8s-worker-2",
      "provider": "provider[\"registry.terraform.io/hashicorp/aws\"]",
      "instances": []
    },
    {
      "mode": "managed",
      "type": "aws_internet_gateway",
      "name": "kube-igw",
      "provider": "provider[\"registry.terraform.io/hashicorp/aws\"]",
      "instances": [
        {
          "schema_version": 0,
          "attributes": {
            "arn": "arn:aws:ec2:us-east-1:875005925642:internet-gateway/igw-0e4340e260f64155b",
            "id": "igw-0e4340e260f64155b",
            "owner_id": "875005925642",
            "tags": {
              "Name": "Kubernetes internet gateway"
            },
            "tags_all": {
              "Name": "Kubernetes internet gateway"
            },
            "vpc_id": "vpc-06c39fd0351b97498"
          },
          "sensitive_attributes": [],
          "private": "bnVsbA==",
          "dependencies": [
            "aws_vpc.kube-vpc"
          ]
        }
      ]
    },
    {
      "mode": "managed",
      "type": "aws_route_table",
      "name": "external-rt",
      "provider": "provider[\"registry.terraform.io/hashicorp/aws\"]",
      "instances": [
        {
          "schema_version": 0,
          "attributes": {
            "arn": "arn:aws:ec2:us-east-1:875005925642:route-table/rtb-0d2bf5be760de295d",
            "id": "rtb-0d2bf5be760de295d",
            "owner_id": "875005925642",
            "propagating_vgws": [],
            "route": [
              {
                "carrier_gateway_id": "",
                "cidr_block": "0.0.0.0/0",
                "core_network_arn": "",
                "destination_prefix_list_id": "",
                "egress_only_gateway_id": "",
                "gateway_id": "igw-0e4340e260f64155b",
                "instance_id": "",
                "ipv6_cidr_block": "",
                "local_gateway_id": "",
                "nat_gateway_id": "",
                "network_interface_id": "",
                "transit_gateway_id": "",
                "vpc_endpoint_id": "",
                "vpc_peering_connection_id": ""
              }
            ],
            "tags": {
              "Name": "External IP routing"
            },
            "tags_all": {
              "Name": "External IP routing"
            },
            "timeouts": null,
            "vpc_id": "vpc-06c39fd0351b97498"
          },
          "sensitive_attributes": [],
          "private": "eyJlMmJmYjczMC1lY2FhLTExZTYtOGY4OC0zNDM2M2JjN2M0YzAiOnsiY3JlYXRlIjozMDAwMDAwMDAwMDAsImRlbGV0ZSI6MzAwMDAwMDAwMDAwLCJ1cGRhdGUiOjEyMDAwMDAwMDAwMH19",
          "dependencies": [
            "aws_internet_gateway.kube-igw",
            "aws_vpc.kube-vpc"
          ]
        }
      ]
    },
    {
      "mode": "managed",
      "type": "aws_route_table_association",
      "name": "public-routing",
      "provider": "provider[\"registry.terraform.io/hashicorp/aws\"]",
      "instances": [
        {
          "schema_version": 0,
          "attributes": {
            "gateway_id": "",
            "id": "rtbassoc-08f362758ca013b52",
            "route_table_id": "rtb-0d2bf5be760de295d",
            "subnet_id": "subnet-0efdd4cc0579bc0bb"
          },
          "sensitive_attributes": [],
          "private": "bnVsbA==",
          "dependencies": [
            "aws_internet_gateway.kube-igw",
            "aws_route_table.external-rt",
            "aws_subnet.kube-public-subnet",
            "aws_vpc.kube-vpc"
          ]
        }
      ]
    },
    {
      "mode": "managed",
      "type": "aws_security_group",
      "name": "kube-cluster",
      "provider": "provider[\"registry.terraform.io/hashicorp/aws\"]",
      "instances": [
        {
          "schema_version": 1,
          "attributes": {
            "arn": "arn:aws:ec2:us-east-1:875005925642:security-group/sg-0451656e9b924baf2",
            "description": "Managed by Terraform",
            "egress": [],
            "id": "sg-0451656e9b924baf2",
            "ingress": [
              {
                "cidr_blocks": [
                  "0.0.0.0/0"
                ],
                "description": "",
                "from_port": 6443,
                "ipv6_cidr_blocks": [],
                "prefix_list_ids": [],
                "protocol": "tcp",
                "security_groups": [],
                "self": false,
                "to_port": 6443
              }
            ],
            "name": "Kube Cluster connection",
            "name_prefix": "",
            "owner_id": "875005925642",
            "revoke_rules_on_delete": false,
            "tags": {
              "Name": "allow nodes to join the cluster"
            },
            "tags_all": {
              "Name": "allow nodes to join the cluster"
            },
            "timeouts": null,
            "vpc_id": "vpc-06c39fd0351b97498"
          },
          "sensitive_attributes": [],
          "private": "eyJlMmJmYjczMC1lY2FhLTExZTYtOGY4OC0zNDM2M2JjN2M0YzAiOnsiY3JlYXRlIjo2MDAwMDAwMDAwMDAsImRlbGV0ZSI6OTAwMDAwMDAwMDAwfSwic2NoZW1hX3ZlcnNpb24iOiIxIn0=",
          "dependencies": [
            "aws_vpc.kube-vpc"
          ]
        }
      ]
    },
    {
      "mode": "managed",
      "type": "aws_security_group",
      "name": "kube-control-ssh-sg",
      "provider": "provider[\"registry.terraform.io/hashicorp/aws\"]",
      "instances": [
        {
          "schema_version": 1,
          "attributes": {
            "arn": "arn:aws:ec2:us-east-1:875005925642:security-group/sg-082f64ccc019f0e0e",
            "description": "SHH access to Kube controller",
            "egress": [],
            "id": "sg-082f64ccc019f0e0e",
            "ingress": [
              {
                "cidr_blocks": [
                  "0.0.0.0/0"
                ],
                "description": "",
                "from_port": 22,
                "ipv6_cidr_blocks": [],
                "prefix_list_ids": [],
                "protocol": "tcp",
                "security_groups": [],
                "self": false,
                "to_port": 22
              }
            ],
            "name": "Kube SSH",
            "name_prefix": "",
            "owner_id": "875005925642",
            "revoke_rules_on_delete": false,
            "tags": {
              "Name": "Kubernetes SSH security group"
            },
            "tags_all": {
              "Name": "Kubernetes SSH security group"
            },
            "timeouts": null,
            "vpc_id": "vpc-06c39fd0351b97498"
          },
          "sensitive_attributes": [],
          "private": "eyJlMmJmYjczMC1lY2FhLTExZTYtOGY4OC0zNDM2M2JjN2M0YzAiOnsiY3JlYXRlIjo2MDAwMDAwMDAwMDAsImRlbGV0ZSI6OTAwMDAwMDAwMDAwfSwic2NoZW1hX3ZlcnNpb24iOiIxIn0=",
          "dependencies": [
            "aws_vpc.kube-vpc"
          ]
        }
      ]
    },
    {
      "mode": "managed",
      "type": "aws_security_group",
      "name": "kube-outbound",
      "provider": "provider[\"registry.terraform.io/hashicorp/aws\"]",
      "instances": [
        {
          "schema_version": 1,
          "attributes": {
            "arn": "arn:aws:ec2:us-east-1:875005925642:security-group/sg-05976490ee89aa1ab",
            "description": "Managed by Terraform",
            "egress": [
              {
                "cidr_blocks": [
                  "0.0.0.0/0"
                ],
                "description": "",
                "from_port": 0,
                "ipv6_cidr_blocks": [],
                "prefix_list_ids": [],
                "protocol": "-1",
                "security_groups": [],
                "self": false,
                "to_port": 0
              }
            ],
            "id": "sg-05976490ee89aa1ab",
            "ingress": [],
            "name": "Kube Outbound sg",
            "name_prefix": "",
            "owner_id": "875005925642",
            "revoke_rules_on_delete": false,
            "tags": {
              "Name": "allow outbound connections"
            },
            "tags_all": {
              "Name": "allow outbound connections"
            },
            "timeouts": null,
            "vpc_id": "vpc-06c39fd0351b97498"
          },
          "sensitive_attributes": [],
          "private": "eyJlMmJmYjczMC1lY2FhLTExZTYtOGY4OC0zNDM2M2JjN2M0YzAiOnsiY3JlYXRlIjo2MDAwMDAwMDAwMDAsImRlbGV0ZSI6OTAwMDAwMDAwMDAwfSwic2NoZW1hX3ZlcnNpb24iOiIxIn0=",
          "dependencies": [
            "aws_vpc.kube-vpc"
          ]
        }
      ]
    },
    {
      "mode": "managed",
      "type": "aws_subnet",
      "name": "kube-public-subnet",
      "provider": "provider[\"registry.terraform.io/hashicorp/aws\"]",
      "instances": [
        {
          "schema_version": 1,
          "attributes": {
            "arn": "arn:aws:ec2:us-east-1:875005925642:subnet/subnet-0efdd4cc0579bc0bb",
            "assign_ipv6_address_on_creation": false,
            "availability_zone": "us-east-1c",
            "availability_zone_id": "use1-az1",
            "cidr_block": "10.0.1.0/24",
            "customer_owned_ipv4_pool": "",
            "enable_dns64": false,
            "enable_resource_name_dns_a_record_on_launch": false,
            "enable_resource_name_dns_aaaa_record_on_launch": false,
            "id": "subnet-0efdd4cc0579bc0bb",
            "ipv6_cidr_block": "",
            "ipv6_cidr_block_association_id": "",
            "ipv6_native": false,
            "map_customer_owned_ip_on_launch": false,
            "map_public_ip_on_launch": true,
            "outpost_arn": "",
            "owner_id": "875005925642",
            "private_dns_hostname_type_on_launch": "ip-name",
            "tags": {
              "Name": "Kubernetes public subnet"
            },
            "tags_all": {
              "Name": "Kubernetes public subnet"
            },
            "timeouts": null,
            "vpc_id": "vpc-06c39fd0351b97498"
          },
          "sensitive_attributes": [],
          "private": "eyJlMmJmYjczMC1lY2FhLTExZTYtOGY4OC0zNDM2M2JjN2M0YzAiOnsiY3JlYXRlIjo2MDAwMDAwMDAwMDAsImRlbGV0ZSI6MTIwMDAwMDAwMDAwMH0sInNjaGVtYV92ZXJzaW9uIjoiMSJ9",
          "dependencies": [
            "aws_vpc.kube-vpc"
          ]
        }
      ]
    },
    {
      "mode": "managed",
      "type": "aws_vpc",
      "name": "kube-vpc",
      "provider": "provider[\"registry.terraform.io/hashicorp/aws\"]",
      "instances": [
        {
          "schema_version": 1,
          "attributes": {
            "arn": "arn:aws:ec2:us-east-1:875005925642:vpc/vpc-06c39fd0351b97498",
            "assign_generated_ipv6_cidr_block": false,
            "cidr_block": "10.0.0.0/16",
            "default_network_acl_id": "acl-033bc4109cc069891",
            "default_route_table_id": "rtb-050ae88e2ed08721a",
            "default_security_group_id": "sg-09e589df7ac4f0d79",
            "dhcp_options_id": "dopt-04da2b866d4e77c9b",
            "enable_classiclink": false,
            "enable_classiclink_dns_support": false,
            "enable_dns_hostnames": true,
            "enable_dns_support": true,
            "id": "vpc-06c39fd0351b97498",
            "instance_tenancy": "default",
            "ipv4_ipam_pool_id": null,
            "ipv4_netmask_length": null,
            "ipv6_association_id": "",
            "ipv6_cidr_block": "",
            "ipv6_cidr_block_network_border_group": "",
            "ipv6_ipam_pool_id": "",
            "ipv6_netmask_length": 0,
            "main_route_table_id": "rtb-050ae88e2ed08721a",
            "owner_id": "875005925642",
            "tags": {
              "Name": "Kubernetes VPC"
            },
            "tags_all": {
              "Name": "Kubernetes VPC"
            }
          },
          "sensitive_attributes": [],
          "private": "eyJzY2hlbWFfdmVyc2lvbiI6IjEifQ=="
        }
      ]
    }
  ]
}
